
Microsoft Visual Studio Solution File, Format Version 12.00
# Visual Studio 15
VisualStudioVersion = 15.0.28010.2026
MinimumVisualStudioVersion = 10.0.40219.1
Project("{8BC9CEB8-8B4A-11D0-8D11-00A0C91BC942}") = "SneakyGame_001", "SneakyGame_001\SneakyGame_001.vcxproj", "{C76ED30A-D594-4D13-A675-1E5411D43B01}"
EndProject
Global
	GlobalSection(SolutionConfigurationPlatforms) = preSolution
		Debug|x64 = Debug|x64
		Debug|x86 = Debug|x86
		Release|x64 = Release|x64
		Release|x86 = Release|x86
	EndGlobalSection
	GlobalSection(ProjectConfigurationPlatforms) = postSolution
		{C76ED30A-D594-4D13-A675-1E5411D43B01}.Debug|x64.ActiveCfg = Debug|x64
		{C76ED30A-D594-4D13-A675-1E5411D43B01}.Debug|x64.Build.0 = Debug|x64
		{C76ED30A-D594-4D13-A675-1E5411D43B01}.Debug|x86.ActiveCfg = Debug|Win32
		{C76ED30A-D594-4D13-A675-1E5411D43B01}.Debug|x86.Build.0 = Debug|Win32
		{C76ED30A-D594-4D13-A675-1E5411D43B01}.Release|x64.ActiveCfg = Release|x64
		{C76ED30A-D594-4D13-A675-1E5411D43B01}.Release|x64.Build.0 = Release|x64
		{C76ED30A-D594-4D13-A675-1E5411D43B01}.Release|x86.ActiveCfg = Release|Win32
		{C76ED30A-D594-4D13-A675-1E5411D43B01}.Release|x86.Build.0 = Release|Win32
	EndGlobalSection
	GlobalSection(SolutionProperties) = preSolution
		HideSolutionNode = FALSE
	EndGlobalSection
	GlobalSection(ExtensibilityGlobals) = postSolution
		SolutionGuid = {7FDC215E-D992-4B8F-8360-04E73959FE67}
	EndGlobalSection
EndGlobal
